// !$*UTF8*$!
{
	archiveVersion = 1;
	classes = {
	};
	objectVersion = 56;
	objects = {

/* Begin PBXBuildFile section */
		3093865D45DFF3D74BD716E6 /* Pods_MyMessenger.framework in Frameworks */ = {isa = PBXBuildFile; fileRef = 3359C7D69C372FB9884B1B2F /* Pods_MyMessenger.framework */; };
		CBCCCE5329A509E20055FE78 /* AppDelegate.swift in Sources */ = {isa = PBXBuildFile; fileRef = CBCCCE5229A509E20055FE78 /* AppDelegate.swift */; };
		CBCCCE5529A509E20055FE78 /* SceneDelegate.swift in Sources */ = {isa = PBXBuildFile; fileRef = CBCCCE5429A509E20055FE78 /* SceneDelegate.swift */; };
		CBCCCE5729A509E20055FE78 /* ConversationViewController.swift in Sources */ = {isa = PBXBuildFile; fileRef = CBCCCE5629A509E20055FE78 /* ConversationViewController.swift */; };
		CBCCCE5A29A509E20055FE78 /* Main.storyboard in Resources */ = {isa = PBXBuildFile; fileRef = CBCCCE5829A509E20055FE78 /* Main.storyboard */; };
		CBCCCE5C29A509E40055FE78 /* Assets.xcassets in Resources */ = {isa = PBXBuildFile; fileRef = CBCCCE5B29A509E40055FE78 /* Assets.xcassets */; };
		CBCCCE5F29A509E40055FE78 /* LaunchScreen.storyboard in Resources */ = {isa = PBXBuildFile; fileRef = CBCCCE5D29A509E40055FE78 /* LaunchScreen.storyboard */; };
		CBCCCE6E29A519AF0055FE78 /* LogInViewController.swift in Sources */ = {isa = PBXBuildFile; fileRef = CBCCCE6D29A519AF0055FE78 /* LogInViewController.swift */; };
		CBCCCE7029A51A6A0055FE78 /* RegisterViewController.swift in Sources */ = {isa = PBXBuildFile; fileRef = CBCCCE6F29A51A6A0055FE78 /* RegisterViewController.swift */; };
		CBCCCE7229A51AA90055FE78 /* PhotoViewerViewController.swift in Sources */ = {isa = PBXBuildFile; fileRef = CBCCCE7129A51AA90055FE78 /* PhotoViewerViewController.swift */; };
		CBCCCE7429A51AD50055FE78 /* VideoPlayerViewController.swift in Sources */ = {isa = PBXBuildFile; fileRef = CBCCCE7329A51AD50055FE78 /* VideoPlayerViewController.swift */; };
		CBCCCE7629A51B250055FE78 /* NewConversationViewController.swift in Sources */ = {isa = PBXBuildFile; fileRef = CBCCCE7529A51B250055FE78 /* NewConversationViewController.swift */; };
		CBCCCE7829A51B430055FE78 /* ProfileViewController.swift in Sources */ = {isa = PBXBuildFile; fileRef = CBCCCE7729A51B430055FE78 /* ProfileViewController.swift */; };
		CBCCCE7B29A5277C0055FE78 /* Extensions.swift in Sources */ = {isa = PBXBuildFile; fileRef = CBCCCE7A29A5277C0055FE78 /* Extensions.swift */; };
		CBCCCE7D29A66D830055FE78 /* GoogleService-Info.plist in Resources */ = {isa = PBXBuildFile; fileRef = CBCCCE7C29A66D830055FE78 /* GoogleService-Info.plist */; };
		CBCCCE8029A887130055FE78 /* DatabaseManager.swift in Sources */ = {isa = PBXBuildFile; fileRef = CBCCCE7F29A887130055FE78 /* DatabaseManager.swift */; };
/* End PBXBuildFile section */

/* Begin PBXFileReference section */
		3359C7D69C372FB9884B1B2F /* Pods_MyMessenger.framework */ = {isa = PBXFileReference; explicitFileType = wrapper.framework; includeInIndex = 0; path = Pods_MyMessenger.framework; sourceTree = BUILT_PRODUCTS_DIR; };
		CBCCCE4F29A509E20055FE78 /* MyMessenger.app */ = {isa = PBXFileReference; explicitFileType = wrapper.application; includeInIndex = 0; path = MyMessenger.app; sourceTree = BUILT_PRODUCTS_DIR; };
		CBCCCE5229A509E20055FE78 /* AppDelegate.swift */ = {isa = PBXFileReference; lastKnownFileType = sourcecode.swift; path = AppDelegate.swift; sourceTree = "<group>"; };
		CBCCCE5429A509E20055FE78 /* SceneDelegate.swift */ = {isa = PBXFileReference; lastKnownFileType = sourcecode.swift; path = SceneDelegate.swift; sourceTree = "<group>"; };
		CBCCCE5629A509E20055FE78 /* ConversationViewController.swift */ = {isa = PBXFileReference; lastKnownFileType = sourcecode.swift; path = ConversationViewController.swift; sourceTree = "<group>"; };
		CBCCCE5929A509E20055FE78 /* Base */ = {isa = PBXFileReference; lastKnownFileType = file.storyboard; name = Base; path = Base.lproj/Main.storyboard; sourceTree = "<group>"; };
		CBCCCE5B29A509E40055FE78 /* Assets.xcassets */ = {isa = PBXFileReference; lastKnownFileType = folder.assetcatalog; path = Assets.xcassets; sourceTree = "<group>"; };
		CBCCCE5E29A509E40055FE78 /* Base */ = {isa = PBXFileReference; lastKnownFileType = file.storyboard; name = Base; path = Base.lproj/LaunchScreen.storyboard; sourceTree = "<group>"; };
		CBCCCE6029A509E40055FE78 /* Info.plist */ = {isa = PBXFileReference; lastKnownFileType = text.plist.xml; path = Info.plist; sourceTree = "<group>"; };
		CBCCCE6D29A519AF0055FE78 /* LogInViewController.swift */ = {isa = PBXFileReference; lastKnownFileType = sourcecode.swift; path = LogInViewController.swift; sourceTree = "<group>"; };
		CBCCCE6F29A51A6A0055FE78 /* RegisterViewController.swift */ = {isa = PBXFileReference; lastKnownFileType = sourcecode.swift; path = RegisterViewController.swift; sourceTree = "<group>"; };
		CBCCCE7129A51AA90055FE78 /* PhotoViewerViewController.swift */ = {isa = PBXFileReference; lastKnownFileType = sourcecode.swift; path = PhotoViewerViewController.swift; sourceTree = "<group>"; };
		CBCCCE7329A51AD50055FE78 /* VideoPlayerViewController.swift */ = {isa = PBXFileReference; lastKnownFileType = sourcecode.swift; path = VideoPlayerViewController.swift; sourceTree = "<group>"; };
		CBCCCE7529A51B250055FE78 /* NewConversationViewController.swift */ = {isa = PBXFileReference; lastKnownFileType = sourcecode.swift; path = NewConversationViewController.swift; sourceTree = "<group>"; };
		CBCCCE7729A51B430055FE78 /* ProfileViewController.swift */ = {isa = PBXFileReference; lastKnownFileType = sourcecode.swift; path = ProfileViewController.swift; sourceTree = "<group>"; };
		CBCCCE7A29A5277C0055FE78 /* Extensions.swift */ = {isa = PBXFileReference; lastKnownFileType = sourcecode.swift; path = Extensions.swift; sourceTree = "<group>"; };
		CBCCCE7C29A66D830055FE78 /* GoogleService-Info.plist */ = {isa = PBXFileReference; fileEncoding = 4; lastKnownFileType = text.plist.xml; path = "GoogleService-Info.plist"; sourceTree = "<group>"; };
		CBCCCE7F29A887130055FE78 /* DatabaseManager.swift */ = {isa = PBXFileReference; lastKnownFileType = sourcecode.swift; path = DatabaseManager.swift; sourceTree = "<group>"; };
		CBCCCE8129A8BD9E0055FE78 /* MyMessenger.entitlements */ = {isa = PBXFileReference; lastKnownFileType = text.plist.entitlements; path = MyMessenger.entitlements; sourceTree = "<group>"; };
		FADB2C67DD3D58B71B3C215C /* Pods-MyMessenger.debug.xcconfig */ = {isa = PBXFileReference; includeInIndex = 1; lastKnownFileType = text.xcconfig; name = "Pods-MyMessenger.debug.xcconfig"; path = "Target Support Files/Pods-MyMessenger/Pods-MyMessenger.debug.xcconfig"; sourceTree = "<group>"; };
		FEB96A66C72C20D899325E94 /* Pods-MyMessenger.release.xcconfig */ = {isa = PBXFileReference; includeInIndex = 1; lastKnownFileType = text.xcconfig; name = "Pods-MyMessenger.release.xcconfig"; path = "Target Support Files/Pods-MyMessenger/Pods-MyMessenger.release.xcconfig"; sourceTree = "<group>"; };
/* End PBXFileReference section */

/* Begin PBXFrameworksBuildPhase section */
		CBCCCE4C29A509E20055FE78 /* Frameworks */ = {
			isa = PBXFrameworksBuildPhase;
			buildActionMask = 2147483647;
			files = (
				3093865D45DFF3D74BD716E6 /* Pods_MyMessenger.framework in Frameworks */,
			);
			runOnlyForDeploymentPostprocessing = 0;
		};
/* End PBXFrameworksBuildPhase section */

/* Begin PBXGroup section */
		55E0103CEB76EAE72F6A78D0 /* Frameworks */ = {
			isa = PBXGroup;
			children = (
				3359C7D69C372FB9884B1B2F /* Pods_MyMessenger.framework */,
			);
			name = Frameworks;
			sourceTree = "<group>";
		};
		CBCCCE4629A509E20055FE78 = {
			isa = PBXGroup;
			children = (
				CBCCCE5129A509E20055FE78 /* MyMessenger */,
				CBCCCE6C29A517DB0055FE78 /* Products */,
				CBCCCE5029A509E20055FE78 /* Products */,
				ECCA572A2935AB2D9BF2125D /* Pods */,
				55E0103CEB76EAE72F6A78D0 /* Frameworks */,
			);
			sourceTree = "<group>";
		};
		CBCCCE5029A509E20055FE78 /* Products */ = {
			isa = PBXGroup;
			children = (
				CBCCCE4F29A509E20055FE78 /* MyMessenger.app */,
			);
			name = Products;
			sourceTree = "<group>";
		};
		CBCCCE5129A509E20055FE78 /* MyMessenger */ = {
			isa = PBXGroup;
			children = (
				CBCCCE8129A8BD9E0055FE78 /* MyMessenger.entitlements */,
				CBCCCE6A29A50BB60055FE78 /* Resources */,
				CBCCCE6929A50BA30055FE78 /* ViewModels */,
				CBCCCE6829A50B960055FE78 /* Models */,
				CBCCCE6729A50B7B0055FE78 /* Views */,
				CBCCCE6629A50B5F0055FE78 /* Controllers */,
				CBCCCE6029A509E40055FE78 /* Info.plist */,
				CBCCCE7C29A66D830055FE78 /* GoogleService-Info.plist */,
			);
			path = MyMessenger;
			sourceTree = "<group>";
		};
		CBCCCE6629A50B5F0055FE78 /* Controllers */ = {
			isa = PBXGroup;
			children = (
				CBCCCE5629A509E20055FE78 /* ConversationViewController.swift */,
				CBCCCE7929A51E2C0055FE78 /* LogIn&Register */,
				CBCCCE7129A51AA90055FE78 /* PhotoViewerViewController.swift */,
				CBCCCE7329A51AD50055FE78 /* VideoPlayerViewController.swift */,
				CBCCCE7529A51B250055FE78 /* NewConversationViewController.swift */,
				CBCCCE7729A51B430055FE78 /* ProfileViewController.swift */,
			);
			path = Controllers;
			sourceTree = "<group>";
		};
		CBCCCE6729A50B7B0055FE78 /* Views */ = {
			isa = PBXGroup;
			children = (
				CBCCCE6B29A517930055FE78 /* Storyboards */,
			);
			path = Views;
			sourceTree = "<group>";
		};
		CBCCCE6829A50B960055FE78 /* Models */ = {
			isa = PBXGroup;
			children = (
			);
			path = Models;
			sourceTree = "<group>";
		};
		CBCCCE6929A50BA30055FE78 /* ViewModels */ = {
			isa = PBXGroup;
			children = (
			);
			path = ViewModels;
			sourceTree = "<group>";
		};
		CBCCCE6A29A50BB60055FE78 /* Resources */ = {
			isa = PBXGroup;
			children = (
				CBCCCE5229A509E20055FE78 /* AppDelegate.swift */,
				CBCCCE5429A509E20055FE78 /* SceneDelegate.swift */,
				CBCCCE7A29A5277C0055FE78 /* Extensions.swift */,
				CBCCCE7F29A887130055FE78 /* DatabaseManager.swift */,
			);
			path = Resources;
			sourceTree = "<group>";
		};
		CBCCCE6B29A517930055FE78 /* Storyboards */ = {
			isa = PBXGroup;
			children = (
				CBCCCE5829A509E20055FE78 /* Main.storyboard */,
				CBCCCE5B29A509E40055FE78 /* Assets.xcassets */,
				CBCCCE5D29A509E40055FE78 /* LaunchScreen.storyboard */,
			);
			path = Storyboards;
			sourceTree = "<group>";
		};
		CBCCCE6C29A517DB0055FE78 /* Products */ = {
			isa = PBXGroup;
			children = (
			);
			path = Products;
			sourceTree = "<group>";
		};
		CBCCCE7929A51E2C0055FE78 /* LogIn&Register */ = {
			isa = PBXGroup;
			children = (
				CBCCCE6D29A519AF0055FE78 /* LogInViewController.swift */,
				CBCCCE6F29A51A6A0055FE78 /* RegisterViewController.swift */,
			);
			path = "LogIn&Register";
			sourceTree = "<group>";
		};
		ECCA572A2935AB2D9BF2125D /* Pods */ = {
			isa = PBXGroup;
			children = (
				FADB2C67DD3D58B71B3C215C /* Pods-MyMessenger.debug.xcconfig */,
				FEB96A66C72C20D899325E94 /* Pods-MyMessenger.release.xcconfig */,
			);
			path = Pods;
			sourceTree = "<group>";
		};
/* End PBXGroup section */

/* Begin PBXNativeTarget section */
		CBCCCE4E29A509E20055FE78 /* MyMessenger */ = {
			isa = PBXNativeTarget;
			buildConfigurationList = CBCCCE6329A509E50055FE78 /* Build configuration list for PBXNativeTarget "MyMessenger" */;
			buildPhases = (
				42D576A2FDF9BC5F7F7C8EE1 /* [CP] Check Pods Manifest.lock */,
				CBCCCE4B29A509E20055FE78 /* Sources */,
				CBCCCE4C29A509E20055FE78 /* Frameworks */,
				CBCCCE4D29A509E20055FE78 /* Resources */,
				EF7358FF68C48290EFC5B083 /* [CP] Embed Pods Frameworks */,
			);
			buildRules = (
			);
			dependencies = (
			);
			name = MyMessenger;
			productName = MyMessenger;
			productReference = CBCCCE4F29A509E20055FE78 /* MyMessenger.app */;
			productType = "com.apple.product-type.application";
		};
/* End PBXNativeTarget section */

/* Begin PBXProject section */
		CBCCCE4729A509E20055FE78 /* Project object */ = {
			isa = PBXProject;
			attributes = {
				BuildIndependentTargetsInParallel = 1;
				LastSwiftUpdateCheck = 1420;
				LastUpgradeCheck = 1420;
				TargetAttributes = {
					CBCCCE4E29A509E20055FE78 = {
						CreatedOnToolsVersion = 14.2;
					};
				};
			};
			buildConfigurationList = CBCCCE4A29A509E20055FE78 /* Build configuration list for PBXProject "MyMessenger" */;
			compatibilityVersion = "Xcode 14.0";
			developmentRegion = en;
			hasScannedForEncodings = 0;
			knownRegions = (
				en,
				Base,
			);
			mainGroup = CBCCCE4629A509E20055FE78;
			packageReferences = (
				CBCCCE7E29A66E660055FE78 /* XCRemoteSwiftPackageReference "firebase-ios-sdk" */,
			);
			productRefGroup = CBCCCE5029A509E20055FE78 /* Products */;
			projectDirPath = "";
			projectRoot = "";
			targets = (
				CBCCCE4E29A509E20055FE78 /* MyMessenger */,
			);
		};
/* End PBXProject section */

/* Begin PBXResourcesBuildPhase section */
		CBCCCE4D29A509E20055FE78 /* Resources */ = {
			isa = PBXResourcesBuildPhase;
			buildActionMask = 2147483647;
			files = (
				CBCCCE5F29A509E40055FE78 /* LaunchScreen.storyboard in Resources */,
				CBCCCE7D29A66D830055FE78 /* GoogleService-Info.plist in Resources */,
				CBCCCE5C29A509E40055FE78 /* Assets.xcassets in Resources */,
				CBCCCE5A29A509E20055FE78 /* Main.storyboard in Resources */,
			);
			runOnlyForDeploymentPostprocessing = 0;
		};
/* End PBXResourcesBuildPhase section */

/* Begin PBXShellScriptBuildPhase section */
		42D576A2FDF9BC5F7F7C8EE1 /* [CP] Check Pods Manifest.lock */ = {
			isa = PBXShellScriptBuildPhase;
			buildActionMask = 2147483647;
			files = (
			);
			inputFileListPaths = (
			);
			inputPaths = (
				"${PODS_PODFILE_DIR_PATH}/Podfile.lock",
				"${PODS_ROOT}/Manifest.lock",
			);
			name = "[CP] Check Pods Manifest.lock";
			outputFileListPaths = (
			);
			outputPaths = (
				"$(DERIVED_FILE_DIR)/Pods-MyMessenger-checkManifestLockResult.txt",
			);
			runOnlyForDeploymentPostprocessing = 0;
			shellPath = /bin/sh;
			shellScript = "diff \"${PODS_PODFILE_DIR_PATH}/Podfile.lock\" \"${PODS_ROOT}/Manifest.lock\" > /dev/null\nif [ $? != 0 ] ; then\n    # print error to STDERR\n    echo \"error: The sandbox is not in sync with the Podfile.lock. Run 'pod install' or update your CocoaPods installation.\" >&2\n    exit 1\nfi\n# This output is used by Xcode 'outputs' to avoid re-running this script phase.\necho \"SUCCESS\" > \"${SCRIPT_OUTPUT_FILE_0}\"\n";
			showEnvVarsInLog = 0;
		};
		EF7358FF68C48290EFC5B083 /* [CP] Embed Pods Frameworks */ = {
			isa = PBXShellScriptBuildPhase;
			buildActionMask = 2147483647;
			files = (
			);
			inputFileListPaths = (
				"${PODS_ROOT}/Target Support Files/Pods-MyMessenger/Pods-MyMessenger-frameworks-${CONFIGURATION}-input-files.xcfilelist",
			);
			name = "[CP] Embed Pods Frameworks";
			outputFileListPaths = (
				"${PODS_ROOT}/Target Support Files/Pods-MyMessenger/Pods-MyMessenger-frameworks-${CONFIGURATION}-output-files.xcfilelist",
			);
			runOnlyForDeploymentPostprocessing = 0;
			shellPath = /bin/sh;
			shellScript = "\"${PODS_ROOT}/Target Support Files/Pods-MyMessenger/Pods-MyMessenger-frameworks.sh\"\n";
			showEnvVarsInLog = 0;
		};
/* End PBXShellScriptBuildPhase section */

/* Begin PBXSourcesBuildPhase section */
		CBCCCE4B29A509E20055FE78 /* Sources */ = {
			isa = PBXSourcesBuildPhase;
			buildActionMask = 2147483647;
			files = (
				CBCCCE6E29A519AF0055FE78 /* LogInViewController.swift in Sources */,
				CBCCCE8029A887130055FE78 /* DatabaseManager.swift in Sources */,
				CBCCCE7029A51A6A0055FE78 /* RegisterViewController.swift in Sources */,
				CBCCCE7629A51B250055FE78 /* NewConversationViewController.swift in Sources */,
				CBCCCE5729A509E20055FE78 /* ConversationViewController.swift in Sources */,
				CBCCCE7429A51AD50055FE78 /* VideoPlayerViewController.swift in Sources */,
				CBCCCE7B29A5277C0055FE78 /* Extensions.swift in Sources */,
				CBCCCE5329A509E20055FE78 /* AppDelegate.swift in Sources */,
				CBCCCE7829A51B430055FE78 /* ProfileViewController.swift in Sources */,
				CBCCCE5529A509E20055FE78 /* SceneDelegate.swift in Sources */,
				CBCCCE7229A51AA90055FE78 /* PhotoViewerViewController.swift in Sources */,
			);
			runOnlyForDeploymentPostprocessing = 0;
		};
/* End PBXSourcesBuildPhase section */

/* Begin PBXVariantGroup section */
		CBCCCE5829A509E20055FE78 /* Main.storyboard */ = {
			isa = PBXVariantGroup;
			children = (
				CBCCCE5929A509E20055FE78 /* Base */,
			);
			name = Main.storyboard;
			sourceTree = "<group>";
		};
		CBCCCE5D29A509E40055FE78 /* LaunchScreen.storyboard */ = {
			isa = PBXVariantGroup;
			children = (
				CBCCCE5E29A509E40055FE78 /* Base */,
			);
			name = LaunchScreen.storyboard;
			sourceTree = "<group>";
		};
/* End PBXVariantGroup section */

/* Begin XCBuildConfiguration section */
		CBCCCE6129A509E40055FE78 /* Debug */ = {
			isa = XCBuildConfiguration;
			buildSettings = {
				ALWAYS_SEARCH_USER_PATHS = NO;
				CLANG_ANALYZER_NONNULL = YES;
				CLANG_ANALYZER_NUMBER_OBJECT_CONVERSION = YES_AGGRESSIVE;
				CLANG_CXX_LANGUAGE_STANDARD = "gnu++20";
				CLANG_ENABLE_MODULES = YES;
				CLANG_ENABLE_OBJC_ARC = YES;
				CLANG_ENABLE_OBJC_WEAK = YES;
				CLANG_WARN_BLOCK_CAPTURE_AUTORELEASING = YES;
				CLANG_WARN_BOOL_CONVERSION = YES;
				CLANG_WARN_COMMA = YES;
				CLANG_WARN_CONSTANT_CONVERSION = YES;
				CLANG_WARN_DEPRECATED_OBJC_IMPLEMENTATIONS = YES;
				CLANG_WARN_DIRECT_OBJC_ISA_USAGE = YES_ERROR;
				CLANG_WARN_DOCUMENTATION_COMMENTS = YES;
				CLANG_WARN_EMPTY_BODY = YES;
				CLANG_WARN_ENUM_CONVERSION = YES;
				CLANG_WARN_INFINITE_RECURSION = YES;
				CLANG_WARN_INT_CONVERSION = YES;
				CLANG_WARN_NON_LITERAL_NULL_CONVERSION = YES;
				CLANG_WARN_OBJC_IMPLICIT_RETAIN_SELF = YES;
				CLANG_WARN_OBJC_LITERAL_CONVERSION = YES;
				CLANG_WARN_OBJC_ROOT_CLASS = YES_ERROR;
				CLANG_WARN_QUOTED_INCLUDE_IN_FRAMEWORK_HEADER = YES;
				CLANG_WARN_RANGE_LOOP_ANALYSIS = YES;
				CLANG_WARN_STRICT_PROTOTYPES = YES;
				CLANG_WARN_SUSPICIOUS_MOVE = YES;
				CLANG_WARN_UNGUARDED_AVAILABILITY = YES_AGGRESSIVE;
				CLANG_WARN_UNREACHABLE_CODE = YES;
				CLANG_WARN__DUPLICATE_METHOD_MATCH = YES;
				COPY_PHASE_STRIP = NO;
				DEBUG_INFORMATION_FORMAT = dwarf;
				ENABLE_STRICT_OBJC_MSGSEND = YES;
				ENABLE_TESTABILITY = YES;
				GCC_C_LANGUAGE_STANDARD = gnu11;
				GCC_DYNAMIC_NO_PIC = NO;
				GCC_NO_COMMON_BLOCKS = YES;
				GCC_OPTIMIZATION_LEVEL = 0;
				GCC_PREPROCESSOR_DEFINITIONS = (
					"DEBUG=1",
					"$(inherited)",
				);
				GCC_WARN_64_TO_32_BIT_CONVERSION = YES;
				GCC_WARN_ABOUT_RETURN_TYPE = YES_ERROR;
				GCC_WARN_UNDECLARED_SELECTOR = YES;
				GCC_WARN_UNINITIALIZED_AUTOS = YES_AGGRESSIVE;
				GCC_WARN_UNUSED_FUNCTION = YES;
				GCC_WARN_UNUSED_VARIABLE = YES;
				IPHONEOS_DEPLOYMENT_TARGET = 16.2;
				MTL_ENABLE_DEBUG_INFO = INCLUDE_SOURCE;
				MTL_FAST_MATH = YES;
				ONLY_ACTIVE_ARCH = YES;
				SDKROOT = iphoneos;
				SWIFT_ACTIVE_COMPILATION_CONDITIONS = DEBUG;
				SWIFT_OPTIMIZATION_LEVEL = "-Onone";
			};
			name = Debug;
		};
		CBCCCE6229A509E40055FE78 /* Release */ = {
			isa = XCBuildConfiguration;
			buildSettings = {
				ALWAYS_SEARCH_USER_PATHS = NO;
				CLANG_ANALYZER_NONNULL = YES;
				CLANG_ANALYZER_NUMBER_OBJECT_CONVERSION = YES_AGGRESSIVE;
				CLANG_CXX_LANGUAGE_STANDARD = "gnu++20";
				CLANG_ENABLE_MODULES = YES;
				CLANG_ENABLE_OBJC_ARC = YES;
				CLANG_ENABLE_OBJC_WEAK = YES;
				CLANG_WARN_BLOCK_CAPTURE_AUTORELEASING = YES;
				CLANG_WARN_BOOL_CONVERSION = YES;
				CLANG_WARN_COMMA = YES;
				CLANG_WARN_CONSTANT_CONVERSION = YES;
				CLANG_WARN_DEPRECATED_OBJC_IMPLEMENTATIONS = YES;
				CLANG_WARN_DIRECT_OBJC_ISA_USAGE = YES_ERROR;
				CLANG_WARN_DOCUMENTATION_COMMENTS = YES;
				CLANG_WARN_EMPTY_BODY = YES;
				CLANG_WARN_ENUM_CONVERSION = YES;
				CLANG_WARN_INFINITE_RECURSION = YES;
				CLANG_WARN_INT_CONVERSION = YES;
				CLANG_WARN_NON_LITERAL_NULL_CONVERSION = YES;
				CLANG_WARN_OBJC_IMPLICIT_RETAIN_SELF = YES;
				CLANG_WARN_OBJC_LITERAL_CONVERSION = YES;
				CLANG_WARN_OBJC_ROOT_CLASS = YES_ERROR;
				CLANG_WARN_QUOTED_INCLUDE_IN_FRAMEWORK_HEADER = YES;
				CLANG_WARN_RANGE_LOOP_ANALYSIS = YES;
				CLANG_WARN_STRICT_PROTOTYPES = YES;
				CLANG_WARN_SUSPICIOUS_MOVE = YES;
				CLANG_WARN_UNGUARDED_AVAILABILITY = YES_AGGRESSIVE;
				CLANG_WARN_UNREACHABLE_CODE = YES;
				CLANG_WARN__DUPLICATE_METHOD_MATCH = YES;
				COPY_PHASE_STRIP = NO;
				DEBUG_INFORMATION_FORMAT = "dwarf-with-dsym";
				ENABLE_NS_ASSERTIONS = NO;
				ENABLE_STRICT_OBJC_MSGSEND = YES;
				GCC_C_LANGUAGE_STANDARD = gnu11;
				GCC_NO_COMMON_BLOCKS = YES;
				GCC_WARN_64_TO_32_BIT_CONVERSION = YES;
				GCC_WARN_ABOUT_RETURN_TYPE = YES_ERROR;
				GCC_WARN_UNDECLARED_SELECTOR = YES;
				GCC_WARN_UNINITIALIZED_AUTOS = YES_AGGRESSIVE;
				GCC_WARN_UNUSED_FUNCTION = YES;
				GCC_WARN_UNUSED_VARIABLE = YES;
				IPHONEOS_DEPLOYMENT_TARGET = 16.2;
				MTL_ENABLE_DEBUG_INFO = NO;
				MTL_FAST_MATH = YES;
				SDKROOT = iphoneos;
				SWIFT_COMPILATION_MODE = wholemodule;
				SWIFT_OPTIMIZATION_LEVEL = "-O";
				VALIDATE_PRODUCT = YES;
			};
			name = Release;
		};
		CBCCCE6429A509E50055FE78 /* Debug */ = {
			isa = XCBuildConfiguration;
			baseConfigurationReference = FADB2C67DD3D58B71B3C215C /* Pods-MyMessenger.debug.xcconfig */;
			buildSettings = {
				ASSETCATALOG_COMPILER_APPICON_NAME = AppIcon;
				ASSETCATALOG_COMPILER_GLOBAL_ACCENT_COLOR_NAME = AccentColor;
				CODE_SIGN_ENTITLEMENTS = MyMessenger/MyMessenger.entitlements;
				CODE_SIGN_STYLE = Automatic;
				CURRENT_PROJECT_VERSION = 1;
				DEVELOPMENT_TEAM = Y4JSG638BN;
				GENERATE_INFOPLIST_FILE = YES;
				INFOPLIST_FILE = MyMessenger/Info.plist;
				INFOPLIST_KEY_NSCameraUsageDescription = "Please allow access to take a profile picture";
				INFOPLIST_KEY_NSPhotoLibraryAddUsageDescription = "Please allow access to select a photo for your profile";
				INFOPLIST_KEY_UIApplicationSupportsIndirectInputEvents = YES;
				INFOPLIST_KEY_UILaunchStoryboardName = LaunchScreen;
				INFOPLIST_KEY_UIMainStoryboardFile = Main;
				INFOPLIST_KEY_UISupportedInterfaceOrientations = UIInterfaceOrientationPortrait;
				INFOPLIST_KEY_UISupportedInterfaceOrientations_iPad = "UIInterfaceOrientationLandscapeLeft UIInterfaceOrientationLandscapeRight UIInterfaceOrientationPortrait UIInterfaceOrientationPortraitUpsideDown";
				IPHONEOS_DEPLOYMENT_TARGET = 14.0;
				LD_RUNPATH_SEARCH_PATHS = (
					"$(inherited)",
					"@executable_path/Frameworks",
				);
				MARKETING_VERSION = 1.0;
				PRODUCT_BUNDLE_IDENTIFIER = com.Giovanni.MyMessenger;
				PRODUCT_NAME = "$(TARGET_NAME)";
				SWIFT_EMIT_LOC_STRINGS = YES;
				SWIFT_VERSION = 5.0;
				TARGETED_DEVICE_FAMILY = "1,2";
			};
			name = Debug;
		};
		CBCCCE6529A509E50055FE78 /* Release */ = {
			isa = XCBuildConfiguration;
			baseConfigurationReference = FEB96A66C72C20D899325E94 /* Pods-MyMessenger.release.xcconfig */;
			buildSettings = {
				ASSETCATALOG_COMPILER_APPICON_NAME = AppIcon;
				ASSETCATALOG_COMPILER_GLOBAL_ACCENT_COLOR_NAME = AccentColor;
				CODE_SIGN_ENTITLEMENTS = MyMessenger/MyMessenger.entitlements;
				CODE_SIGN_STYLE = Automatic;
				CURRENT_PROJECT_VERSION = 1;
				DEVELOPMENT_TEAM = Y4JSG638BN;
				GENERATE_INFOPLIST_FILE = YES;
				INFOPLIST_FILE = MyMessenger/Info.plist;
				INFOPLIST_KEY_NSCameraUsageDescription = "Please allow access to take a profile picture";
				INFOPLIST_KEY_NSPhotoLibraryAddUsageDescription = "Please allow access to select a photo for your profile";
				INFOPLIST_KEY_UIApplicationSupportsIndirectInputEvents = YES;
				INFOPLIST_KEY_UILaunchStoryboardName = LaunchScreen;
				INFOPLIST_KEY_UIMainStoryboardFile = Main;
				INFOPLIST_KEY_UISupportedInterfaceOrientations = UIInterfaceOrientationPortrait;
				INFOPLIST_KEY_UISupportedInterfaceOrientations_iPad = "UIInterfaceOrientationLandscapeLeft UIInterfaceOrientationLandscapeRight UIInterfaceOrientationPortrait UIInterfaceOrientationPortraitUpsideDown";
				IPHONEOS_DEPLOYMENT_TARGET = 14.0;
				LD_RUNPATH_SEARCH_PATHS = (
					"$(inherited)",
					"@executable_path/Frameworks",
				);
				MARKETING_VERSION = 1.0;
				PRODUCT_BUNDLE_IDENTIFIER = com.Giovanni.MyMessenger;
				PRODUCT_NAME = "$(TARGET_NAME)";
				SWIFT_EMIT_LOC_STRINGS = YES;
				SWIFT_VERSION = 5.0;
				TARGETED_DEVICE_FAMILY = "1,2";
			};
			name = Release;
		};
/* End XCBuildConfiguration section */

/* Begin XCConfigurationList section */
		CBCCCE4A29A509E20055FE78 /* Build configuration list for PBXProject "MyMessenger" */ = {
			isa = XCConfigurationList;
			buildConfigurations = (
				CBCCCE6129A509E40055FE78 /* Debug */,
				CBCCCE6229A509E40055FE78 /* Release */,
			);
			defaultConfigurationIsVisible = 0;
			defaultConfigurationName = Release;
		};
		CBCCCE6329A509E50055FE78 /* Build configuration list for PBXNativeTarget "MyMessenger" */ = {
			isa = XCConfigurationList;
			buildConfigurations = (
				CBCCCE6429A509E50055FE78 /* Debug */,
				CBCCCE6529A509E50055FE78 /* Release */,
			);
			defaultConfigurationIsVisible = 0;
			defaultConfigurationName = Release;
		};
/* End XCConfigurationList section */

/* Begin XCRemoteSwiftPackageReference section */
		CBCCCE7E29A66E660055FE78 /* XCRemoteSwiftPackageReference "firebase-ios-sdk" */ = {
			isa = XCRemoteSwiftPackageReference;
			repositoryURL = "https://github.com/firebase/firebase-ios-sdk";
			requirement = {
				branch = master;
				kind = branch;
			};
		};
/* End XCRemoteSwiftPackageReference section */
	};
	rootObject = CBCCCE4729A509E20055FE78 /* Project object */;
}
